{
  "nodes": {
    "nixpkgs": {
      "locked": {
        "lastModified": 1722724416,
        "narHash": "sha256-nNMj6Tj5IcEg4WecmCYVdjhG83EnQOqZs41mkVZ79m8=",
        "owner": "NixOS",
        "repo": "nixpkgs",
        "rev": "c8eb14a6e72658f45b3c55f8efa68e32ce50573c",
        "type": "github"
      },
      "original": {
        "owner": "NixOS",
        "repo": "nixpkgs",
        "type": "github"
      }
    },
    "root": {
      "inputs": {
        "nixpkgs": "nixpkgs"
      }
    }
  },
  "root": "root",
  "version": 7
}
